// !$*UTF8*$!
{
	archiveVersion = 1;
	classes = {
	};
	objectVersion = 46;
	objects = {

/* Begin PBXBuildFile section */
		B80176071BE882DF002E9844 /* AppDelegate.swift in Sources */ = {isa = PBXBuildFile; fileRef = B80176061BE882DF002E9844 /* AppDelegate.swift */; };
		B80176091BE882DF002E9844 /* ViewController.swift in Sources */ = {isa = PBXBuildFile; fileRef = B80176081BE882DF002E9844 /* ViewController.swift */; };
		B801760C1BE882DF002E9844 /* Main.storyboard in Resources */ = {isa = PBXBuildFile; fileRef = B801760A1BE882DF002E9844 /* Main.storyboard */; };
		B801760E1BE882DF002E9844 /* Assets.xcassets in Resources */ = {isa = PBXBuildFile; fileRef = B801760D1BE882DF002E9844 /* Assets.xcassets */; };
		B80176111BE882DF002E9844 /* LaunchScreen.storyboard in Resources */ = {isa = PBXBuildFile; fileRef = B801760F1BE882DF002E9844 /* LaunchScreen.storyboard */; };
		B801761A1BE8833B002E9844 /* NKDropdownMenu.swift in Sources */ = {isa = PBXBuildFile; fileRef = B80176191BE8833B002E9844 /* NKDropdownMenu.swift */; };
/* End PBXBuildFile section */

/* Begin PBXFileReference section */
		B80176031BE882DF002E9844 /* NKDropdownMenuDemo.app */ = {isa = PBXFileReference; explicitFileType = wrapper.application; includeInIndex = 0; path = NKDropdownMenuDemo.app; sourceTree = BUILT_PRODUCTS_DIR; };
		B80176061BE882DF002E9844 /* AppDelegate.swift */ = {isa = PBXFileReference; lastKnownFileType = sourcecode.swift; path = AppDelegate.swift; sourceTree = "<group>"; };
		B80176081BE882DF002E9844 /* ViewController.swift */ = {isa = PBXFileReference; lastKnownFileType = sourcecode.swift; path = ViewController.swift; sourceTree = "<group>"; };
		B801760B1BE882DF002E9844 /* Base */ = {isa = PBXFileReference; lastKnownFileType = file.storyboard; name = Base; path = Base.lproj/Main.storyboard; sourceTree = "<group>"; };
		B801760D1BE882DF002E9844 /* Assets.xcassets */ = {isa = PBXFileReference; lastKnownFileType = folder.assetcatalog; path = Assets.xcassets; sourceTree = "<group>"; };
		B80176101BE882DF002E9844 /* Base */ = {isa = PBXFileReference; lastKnownFileType = file.storyboard; name = Base; path = Base.lproj/LaunchScreen.storyboard; sourceTree = "<group>"; };
		B80176121BE882DF002E9844 /* Info.plist */ = {isa = PBXFileReference; lastKnownFileType = text.plist.xml; path = Info.plist; sourceTree = "<group>"; };
		B80176191BE8833B002E9844 /* NKDropdownMenu.swift */ = {isa = PBXFileReference; fileEncoding = 4; lastKnownFileType = sourcecode.swift; name = NKDropdownMenu.swift; path = NKDropdownMenu/NKDropdownMenu.swift; sourceTree = SOURCE_ROOT; };
/* End PBXFileReference section */

/* Begin PBXFrameworksBuildPhase section */
		B80176001BE882DF002E9844 /* Frameworks */ = {
			isa = PBXFrameworksBuildPhase;
			buildActionMask = 2147483647;
			files = (
			);
			runOnlyForDeploymentPostprocessing = 0;
		};
/* End PBXFrameworksBuildPhase section */

/* Begin PBXGroup section */
		B80175FA1BE882DF002E9844 = {
			isa = PBXGroup;
			children = (
				B80176051BE882DF002E9844 /* NKDropdownMenuDemo */,
				B80176041BE882DF002E9844 /* Products */,
			);
			sourceTree = "<group>";
		};
		B80176041BE882DF002E9844 /* Products */ = {
			isa = PBXGroup;
			children = (
				B80176031BE882DF002E9844 /* NKDropdownMenuDemo.app */,
			);
			name = Products;
			sourceTree = "<group>";
		};
		B80176051BE882DF002E9844 /* NKDropdownMenuDemo */ = {
			isa = PBXGroup;
			children = (
				B80176181BE88314002E9844 /* NKDropdownMenu */,
				B80176061BE882DF002E9844 /* AppDelegate.swift */,
				B80176081BE882DF002E9844 /* ViewController.swift */,
				B801760A1BE882DF002E9844 /* Main.storyboard */,
				B801760D1BE882DF002E9844 /* Assets.xcassets */,
				B801760F1BE882DF002E9844 /* LaunchScreen.storyboard */,
				B80176121BE882DF002E9844 /* Info.plist */,
			);
			path = NKDropdownMenuDemo;
			sourceTree = "<group>";
		};
		B80176181BE88314002E9844 /* NKDropdownMenu */ = {
			isa = PBXGroup;
			children = (
				B80176191BE8833B002E9844 /* NKDropdownMenu.swift */,
			);
			path = NKDropdownMenu;
			sourceTree = "<group>";
		};
/* End PBXGroup section */

/* Begin PBXNativeTarget section */
		B80176021BE882DF002E9844 /* NKDropdownMenuDemo */ = {
			isa = PBXNativeTarget;
			buildConfigurationList = B80176151BE882DF002E9844 /* Build configuration list for PBXNativeTarget "NKDropdownMenuDemo" */;
			buildPhases = (
				B80175FF1BE882DF002E9844 /* Sources */,
				B80176001BE882DF002E9844 /* Frameworks */,
				B80176011BE882DF002E9844 /* Resources */,
				B84B799F1BFAD69900ED48D4 /* ShellScript */,
			);
			buildRules = (
			);
			dependencies = (
			);
			name = NKDropdownMenuDemo;
			productName = NKDropdownMenuDemo;
			productReference = B80176031BE882DF002E9844 /* NKDropdownMenuDemo.app */;
			productType = "com.apple.product-type.application";
		};
/* End PBXNativeTarget section */

/* Begin PBXProject section */
		B80175FB1BE882DF002E9844 /* Project object */ = {
			isa = PBXProject;
			attributes = {
				LastSwiftUpdateCheck = 0710;
				LastUpgradeCheck = 0710;
				ORGANIZATIONNAME = Peng;
				TargetAttributes = {
					B80176021BE882DF002E9844 = {
						CreatedOnToolsVersion = 7.1;
					};
				};
			};
			buildConfigurationList = B80175FE1BE882DF002E9844 /* Build configuration list for PBXProject "NKDropdownMenuDemo" */;
			compatibilityVersion = "Xcode 3.2";
			developmentRegion = English;
			hasScannedForEncodings = 0;
			knownRegions = (
				en,
				Base,
			);
			mainGroup = B80175FA1BE882DF002E9844;
			productRefGroup = B80176041BE882DF002E9844 /* Products */;
			projectDirPath = "";
			projectRoot = "";
			targets = (
				B80176021BE882DF002E9844 /* NKDropdownMenuDemo */,
			);
		};
/* End PBXProject section */

/* Begin PBXResourcesBuildPhase section */
		B80176011BE882DF002E9844 /* Resources */ = {
			isa = PBXResourcesBuildPhase;
			buildActionMask = 2147483647;
			files = (
				B80176111BE882DF002E9844 /* LaunchScreen.storyboard in Resources */,
				B801760E1BE882DF002E9844 /* Assets.xcassets in Resources */,
				B801760C1BE882DF002E9844 /* Main.storyboard in Resources */,
			);
			runOnlyForDeploymentPostprocessing = 0;
		};
/* End PBXResourcesBuildPhase section */

/* Begin PBXShellScriptBuildPhase section */
		B84B799F1BFAD69900ED48D4 /* ShellScript */ = {
			isa = PBXShellScriptBuildPhase;
			buildActionMask = 2147483647;
			files = (
			);
			inputPaths = (
			);
			outputPaths = (
			);
			runOnlyForDeploymentPostprocessing = 0;
			shellPath = /bin/sh;
			shellScript = "if which swiftlint >/dev/null; then\n  swiftlint\nelse\n  echo \"SwiftLint does not exist, download from https://github.com/realm/SwiftLint\"\nfi";
		};
/* End PBXShellScriptBuildPhase section */

/* Begin PBXSourcesBuildPhase section */
		B80175FF1BE882DF002E9844 /* Sources */ = {
			isa = PBXSourcesBuildPhase;
			buildActionMask = 2147483647;
			files = (
				B80176091BE882DF002E9844 /* ViewController.swift in Sources */,
				B80176071BE882DF002E9844 /* AppDelegate.swift in Sources */,
				B801761A1BE8833B002E9844 /* NKDropdownMenu.swift in Sources */,
			);
			runOnlyForDeploymentPostprocessing = 0;
		};
/* End PBXSourcesBuildPhase section */

/* Begin PBXVariantGroup section */
		B801760A1BE882DF002E9844 /* Main.storyboard */ = {
			isa = PBXVariantGroup;
			children = (
				B801760B1BE882DF002E9844 /* Base */,
			);
			name = Main.storyboard;
			sourceTree = "<group>";
		};
		B801760F1BE882DF002E9844 /* LaunchScreen.storyboard */ = {
			isa = PBXVariantGroup;
			children = (
				B80176101BE882DF002E9844 /* Base */,
			);
			name = LaunchScreen.storyboard;
			sourceTree = "<group>";
		};
/* End PBXVariantGroup section */

/* Begin XCBuildConfiguration section */
		B80176131BE882DF002E9844 /* Debug */ = {
			isa = XCBuildConfiguration;
			buildSettings = {
				ALWAYS_SEARCH_USER_PATHS = NO;
				CLANG_CXX_LANGUAGE_STANDARD = "gnu++0x";
				CLANG_CXX_LIBRARY = "libc++";
				CLANG_ENABLE_MODULES = YES;
				CLANG_ENABLE_OBJC_ARC = YES;
				CLANG_WARN_BOOL_CONVERSION = YES;
				CLANG_WARN_CONSTANT_CONVERSION = YES;
				CLANG_WARN_DIRECT_OBJC_ISA_USAGE = YES_ERROR;
				CLANG_WARN_EMPTY_BODY = YES;
				CLANG_WARN_ENUM_CONVERSION = YES;
				CLANG_WARN_INT_CONVERSION = YES;
				CLANG_WARN_OBJC_ROOT_CLASS = YES_ERROR;
				CLANG_WARN_UNREACHABLE_CODE = YES;
				CLANG_WARN__DUPLICATE_METHOD_MATCH = YES;
				"CODE_SIGN_IDENTITY[sdk=iphoneos*]" = "iPhone Developer";
				COPY_PHASE_STRIP = NO;
				DEBUG_INFORMATION_FORMAT = dwarf;
				ENABLE_STRICT_OBJC_MSGSEND = YES;
				ENABLE_TESTABILITY = YES;
				GCC_C_LANGUAGE_STANDARD = gnu99;
				GCC_DYNAMIC_NO_PIC = NO;
				GCC_NO_COMMON_BLOCKS = YES;
				GCC_OPTIMIZATION_LEVEL = 0;
				GCC_PREPROCESSOR_DEFINITIONS = (
					"DEBUG=1",
					"$(inherited)",
				);
				GCC_WARN_64_TO_32_BIT_CONVERSION = YES;
				GCC_WARN_ABOUT_RETURN_TYPE = YES_ERROR;
				GCC_WARN_UNDECLARED_SELECTOR = YES;
				GCC_WARN_UNINITIALIZED_AUTOS = YES_AGGRESSIVE;
				GCC_WARN_UNUSED_FUNCTION = YES;
				GCC_WARN_UNUSED_VARIABLE = YES;
				IPHONEOS_DEPLOYMENT_TARGET = 9.1;
				MTL_ENABLE_DEBUG_INFO = YES;
				ONLY_ACTIVE_ARCH = YES;
				SDKROOT = iphoneos;
				SWIFT_OPTIMIZATION_LEVEL = "-Onone";
			};
			name = Debug;
		};
		B80176141BE882DF002E9844 /* Release */ = {
			isa = XCBuildConfiguration;
			buildSettings = {
				ALWAYS_SEARCH_USER_PATHS = NO;
				CLANG_CXX_LANGUAGE_STANDARD = "gnu++0x";
				CLANG_CXX_LIBRARY = "libc++";
				CLANG_ENABLE_MODULES = YES;
				CLANG_ENABLE_OBJC_ARC = YES;
				CLANG_WARN_BOOL_CONVERSION = YES;
				CLANG_WARN_CONSTANT_CONVERSION = YES;
				CLANG_WARN_DIRECT_OBJC_ISA_USAGE = YES_ERROR;
				CLANG_WARN_EMPTY_BODY = YES;
				CLANG_WARN_ENUM_CONVERSION = YES;
				CLANG_WARN_INT_CONVERSION = YES;
				CLANG_WARN_OBJC_ROOT_CLASS = YES_ERROR;
				CLANG_WARN_UNREACHABLE_CODE = YES;
				CLANG_WARN__DUPLICATE_METHOD_MATCH = YES;
				"CODE_SIGN_IDENTITY[sdk=iphoneos*]" = "iPhone Developer";
				COPY_PHASE_STRIP = NO;
				DEBUG_INFORMATION_FORMAT = "dwarf-with-dsym";
				ENABLE_NS_ASSERTIONS = NO;
				ENABLE_STRICT_OBJC_MSGSEND = YES;
				GCC_C_LANGUAGE_STANDARD = gnu99;
				GCC_NO_COMMON_BLOCKS = YES;
				GCC_WARN_64_TO_32_BIT_CONVERSION = YES;
				GCC_WARN_ABOUT_RETURN_TYPE = YES_ERROR;
				GCC_WARN_UNDECLARED_SELECTOR = YES;
				GCC_WARN_UNINITIALIZED_AUTOS = YES_AGGRESSIVE;
				GCC_WARN_UNUSED_FUNCTION = YES;
				GCC_WARN_UNUSED_VARIABLE = YES;
				IPHONEOS_DEPLOYMENT_TARGET = 9.1;
				MTL_ENABLE_DEBUG_INFO = NO;
				SDKROOT = iphoneos;
				VALIDATE_PRODUCT = YES;
			};
			name = Release;
		};
		B80176161BE882DF002E9844 /* Debug */ = {
			isa = XCBuildConfiguration;
			buildSettings = {
				ASSETCATALOG_COMPILER_APPICON_NAME = AppIcon;
				INFOPLIST_FILE = NKDropdownMenuDemo/Info.plist;
				LD_RUNPATH_SEARCH_PATHS = "$(inherited) @executable_path/Frameworks";
				PRODUCT_BUNDLE_IDENTIFIER = tv.pragma.NKDropdownMenuDemo;
				PRODUCT_NAME = "$(TARGET_NAME)";
			};
			name = Debug;
		};
		B80176171BE882DF002E9844 /* Release */ = {
			isa = XCBuildConfiguration;
			buildSettings = {
				ASSETCATALOG_COMPILER_APPICON_NAME = AppIcon;
				INFOPLIST_FILE = NKDropdownMenuDemo/Info.plist;
				LD_RUNPATH_SEARCH_PATHS = "$(inherited) @executable_path/Frameworks";
				PRODUCT_BUNDLE_IDENTIFIER = tv.pragma.NKDropdownMenuDemo;
				PRODUCT_NAME = "$(TARGET_NAME)";
			};
			name = Release;
		};
/* End XCBuildConfiguration section */

/* Begin XCConfigurationList section */
		B80175FE1BE882DF002E9844 /* Build configuration list for PBXProject "NKDropdownMenuDemo" */ = {
			isa = XCConfigurationList;
			buildConfigurations = (
				B80176131BE882DF002E9844 /* Debug */,
				B80176141BE882DF002E9844 /* Release */,
			);
			defaultConfigurationIsVisible = 0;
			defaultConfigurationName = Release;
		};
		B80176151BE882DF002E9844 /* Build configuration list for PBXNativeTarget "NKDropdownMenuDemo" */ = {
			isa = XCConfigurationList;
			buildConfigurations = (
				B80176161BE882DF002E9844 /* Debug */,
				B80176171BE882DF002E9844 /* Release */,
			);
			defaultConfigurationIsVisible = 0;
			defaultConfigurationName = Release;
		};
/* End XCConfigurationList section */
	};
	rootObject = B80175FB1BE882DF002E9844 /* Project object */;
}
